
Microsoft Visual Studio Solution File, Format Version 12.00
# Visual Studio Version 16
VisualStudioVersion = 16.0.30011.22
MinimumVisualStudioVersion = 10.0.40219.1
Project("{9A19103F-16F7-4668-BE54-9A1E7A4F7556}") = "MarsRover", "MarsCover\MarsRover.csproj", "{FD153246-0D3A-4E19-967F-3CD812D2AE00}"
EndProject
Project("{FAE04EC0-301F-11D3-BF4B-00C04F79EFBC}") = "MarsRoverTesting", "MarsRoverTesting\MarsRoverTesting.csproj", "{5ACB3699-FA22-461F-82A7-D727DC66A7C6}"
EndProject
Global
	GlobalSection(SolutionConfigurationPlatforms) = preSolution
		Debug|Any CPU = Debug|Any CPU
		Release|Any CPU = Release|Any CPU
	EndGlobalSection
	GlobalSection(ProjectConfigurationPlatforms) = postSolution
		{FD153246-0D3A-4E19-967F-3CD812D2AE00}.Debug|Any CPU.ActiveCfg = Debug|Any CPU
		{FD153246-0D3A-4E19-967F-3CD812D2AE00}.Debug|Any CPU.Build.0 = Debug|Any CPU
		{FD153246-0D3A-4E19-967F-3CD812D2AE00}.Release|Any CPU.ActiveCfg = Release|Any CPU
		{FD153246-0D3A-4E19-967F-3CD812D2AE00}.Release|Any CPU.Build.0 = Release|Any CPU
		{5ACB3699-FA22-461F-82A7-D727DC66A7C6}.Debug|Any CPU.ActiveCfg = Debug|Any CPU
		{5ACB3699-FA22-461F-82A7-D727DC66A7C6}.Debug|Any CPU.Build.0 = Debug|Any CPU
		{5ACB3699-FA22-461F-82A7-D727DC66A7C6}.Release|Any CPU.ActiveCfg = Release|Any CPU
		{5ACB3699-FA22-461F-82A7-D727DC66A7C6}.Release|Any CPU.Build.0 = Release|Any CPU
	EndGlobalSection
	GlobalSection(SolutionProperties) = preSolution
		HideSolutionNode = FALSE
	EndGlobalSection
	GlobalSection(ExtensibilityGlobals) = postSolution
		SolutionGuid = {C562EE04-D130-4209-AA4E-C3DF971DFB1A}
	EndGlobalSection
EndGlobal
